
Microsoft Visual Studio Solution File, Format Version 12.00
# Visual Studio Version 16
VisualStudioVersion = 16.0.29123.88
MinimumVisualStudioVersion = 10.0.40219.1
Project("{FAE04EC0-301F-11D3-BF4B-00C04F79EFBC}") = "RRHH.Datamodel", "RRHH.Datamodel\RRHH.Datamodel.csproj", "{7A65A367-881F-4922-89D5-BFDF4DD2400F}"
EndProject
Project("{FAE04EC0-301F-11D3-BF4B-00C04F79EFBC}") = "RHSMP001", "RHSMP001\RHSMP001.csproj", "{B62D202D-2C79-498F-81E5-959DF7622A64}"
EndProject
Project("{2150E333-8FDC-42A3-9474-1A3956D46DE8}") = "Solution Items", "Solution Items", "{BC6022B8-F168-4A60-B2FE-F772077A4A86}"
	ProjectSection(SolutionItems) = preProject
		Conecction.cs = Conecction.cs
		DataDictionary.sql = DataDictionary.sql
		ModuleInstal.sql = ModuleInstal.sql
	EndProjectSection
EndProject
Project("{FAE04EC0-301F-11D3-BF4B-00C04F79EFBC}") = "Negocio", "Negocio\Negocio.csproj", "{A10DFFC0-61FE-43AF-AA4C-29AF017E3428}"
EndProject
Project("{FAE04EC0-301F-11D3-BF4B-00C04F79EFBC}") = "RHSMCO001", "RHSMCO001\RHSMCO001.csproj", "{D5C90E2E-3E1C-48CA-AC9A-03011D83B318}"
EndProject
Project("{FAE04EC0-301F-11D3-BF4B-00C04F79EFBC}") = "RHSMTT001", "RHSMTT001\RHSMTT001.csproj", "{6FBBFCAE-D955-4A35-802A-CF0F094292FA}"
EndProject
Project("{FAE04EC0-301F-11D3-BF4B-00C04F79EFBC}") = "RHSMGE001", "RHSMGE\RHSMGE001.csproj", "{844B3A92-EDB7-425B-B599-231BDA247D5D}"
EndProject
Project("{FAE04EC0-301F-11D3-BF4B-00C04F79EFBC}") = "RHSMUO001", "RHSMGE002\RHSMUO001.csproj", "{B0854463-D30D-4D08-AEDA-11B43859C259}"
EndProject
Project("{FAE04EC0-301F-11D3-BF4B-00C04F79EFBC}") = "RHSMCA001", "RHSMCA001\RHSMCA001.csproj", "{B6C25F42-EF03-4565-9A0F-B23576D93B52}"
EndProject
Project("{FAE04EC0-301F-11D3-BF4B-00C04F79EFBC}") = "Entidades", "Entidades\Entidades.csproj", "{E65322A3-6B06-49F7-AC71-4616A3BDFAEF}"
EndProject
Project("{FAE04EC0-301F-11D3-BF4B-00C04F79EFBC}") = "RHSMC001", "RHSMC001\RHSMC001.csproj", "{1D1BDC9E-7D0C-4242-8D60-AF544998D19C}"
EndProject
Project("{FAE04EC0-301F-11D3-BF4B-00C04F79EFBC}") = "RHSMNC001", "RHSMNC001\RHSMNC001.csproj", "{01FD3E3F-0A52-4B00-B667-25313092D032}"
EndProject
Project("{FAE04EC0-301F-11D3-BF4B-00C04F79EFBC}") = "RHSMH001", "RHSMH001\RHSMH001.csproj", "{6815749D-7BA7-436B-B1F4-9E03A1790BB3}"
EndProject
Project("{FAE04EC0-301F-11D3-BF4B-00C04F79EFBC}") = "RHSMCP001", "RHSMCP001\RHSMCP001.csproj", "{66C6D6DC-861C-4A41-9DAE-05EF01CDA8A0}"
EndProject
Project("{FAE04EC0-301F-11D3-BF4B-00C04F79EFBC}") = "RHSMCL001", "RHSMCL001\RHSMCL001.csproj", "{597D677F-4D95-4B7D-BB37-1CFBD8F995B8}"
EndProject
Project("{FAE04EC0-301F-11D3-BF4B-00C04F79EFBC}") = "RHSMR001", "RHSMR001\RHSMR001.csproj", "{DA2BCE81-4B3B-43CF-BEB6-40431209C121}"
EndProject
Project("{FAE04EC0-301F-11D3-BF4B-00C04F79EFBC}") = "RHSMDE001", "RHSMDE001\RHSMDE001.csproj", "{7E06CFEA-ADB6-4691-929B-32ECA5FC003E}"
EndProject
Project("{FAE04EC0-301F-11D3-BF4B-00C04F79EFBC}") = "RHSMTS001", "RHSMTS001\RHSMTS001.csproj", "{2064F41C-7851-4F3B-BB05-FD6780B55B55}"
EndProject
Project("{FAE04EC0-301F-11D3-BF4B-00C04F79EFBC}") = "RHSMTA001", "RHSMTA001\RHSMTA001.csproj", "{F7FAC8CE-EC41-4DFE-BCAA-76F233C9990D}"
EndProject
Project("{FAE04EC0-301F-11D3-BF4B-00C04F79EFBC}") = "RHSMTL001", "RHSMTL001\RHSMTL001.csproj", "{DEA375A5-43AA-44B2-8DA6-755A085DB97B}"
EndProject
Project("{FAE04EC0-301F-11D3-BF4B-00C04F79EFBC}") = "RHSMOI001", "RHSMOI001\RHSMOI001.csproj", "{426D42A7-64C6-485F-9B2B-0CB4F2F2C3F8}"
EndProject
Project("{FAE04EC0-301F-11D3-BF4B-00C04F79EFBC}") = "RHSMTD001", "RHSMTD001\RHSMTD001.csproj", "{D21D5AA1-E990-42FB-A47F-6A70C255FFE3}"
EndProject
Project("{FAE04EC0-301F-11D3-BF4B-00C04F79EFBC}") = "RHSMTM001", "RHSMTM001\RHSMTM001.csproj", "{C1CCB8CB-A646-4C63-83AA-CD4A123FC674}"
EndProject
Project("{FAE04EC0-301F-11D3-BF4B-00C04F79EFBC}") = "RHSMTR001", "RHSMTR001\RHSMTR001.csproj", "{0351B9D6-C6EF-4177-9EA9-5D89BCEB6BA8}"
EndProject
Project("{FAE04EC0-301F-11D3-BF4B-00C04F79EFBC}") = "RHSGI001", "RHSST001\RHSGI001.csproj", "{E2F7861B-E8AA-4E26-AC25-E97901C22B7D}"
EndProject
Project("{FAE04EC0-301F-11D3-BF4B-00C04F79EFBC}") = "RHSMGP001", "RHSMGP001\RHSMGP001.csproj", "{7D112E92-4281-4A26-A6E2-4A9ADD6FDF9E}"
EndProject
Project("{FAE04EC0-301F-11D3-BF4B-00C04F79EFBC}") = "RHSGTTT001", "RHSGTTT001\RHSGTTT001.csproj", "{3F485757-CEBA-4005-8016-9CBC8D4DD35D}"
EndProject
Project("{FAE04EC0-301F-11D3-BF4B-00C04F79EFBC}") = "RHSGVT001", "RHSGVT001\RHSGVT001.csproj", "{942AEAEF-3F43-4D6E-9091-4C57BE403658}"
EndProject
Project("{FAE04EC0-301F-11D3-BF4B-00C04F79EFBC}") = "RHSGDT001", "RHSGDT001\RHSGDT001.csproj", "{57BF83EA-620D-4CC6-ACA4-709B8B8F7019}"
EndProject
Project("{FAE04EC0-301F-11D3-BF4B-00C04F79EFBC}") = "RHSGRT001", "RHSGRT001\RHSGRT001.csproj", "{5E7F32D1-38FA-42E0-965D-4B0B1DEF20EE}"
EndProject
Project("{FAE04EC0-301F-11D3-BF4B-00C04F79EFBC}") = "RHSGMT001", "RHSGPR001\RHSGMT001.csproj", "{7C65286C-C459-4BDA-80BB-658CFA57755F}"
EndProject
Project("{FAE04EC0-301F-11D3-BF4B-00C04F79EFBC}") = "RHSGPN001", "RHSGPN001\RHSGPN001.csproj", "{C9C795A4-5B6A-4EAB-B4C5-EC399DB8D415}"
EndProject
Project("{FAE04EC0-301F-11D3-BF4B-00C04F79EFBC}") = "RHSRO001", "RHSRO001\RHSRO001.csproj", "{E34B3557-C880-40A5-81AD-09854BD88C1E}"
EndProject
Project("{FAE04EC0-301F-11D3-BF4B-00C04F79EFBC}") = "RHSMCLO001", "MantenimientoCentroCosto\RHSMCLO001.csproj", "{53902665-D86D-4A17-957D-E3080CD84973}"
EndProject
Project("{FAE04EC0-301F-11D3-BF4B-00C04F79EFBC}") = "RHSOE001", "RHSOE001\RHSOE001.csproj", "{33140C27-4141-4E69-B51D-C08C11DA0DE0}"
EndProject
Project("{2150E333-8FDC-42A3-9474-1A3956D46DE8}") = "Conection", "Conection", "{22DE26B6-DB13-49DD-8F7B-E1B1A260876F}"
	ProjectSection(SolutionItems) = preProject
		Conection.cs = Conection.cs
	EndProjectSection
EndProject
Project("{FAE04EC0-301F-11D3-BF4B-00C04F79EFBC}") = "RHSMCC001", "RHSMCC001\RHSMCC001.csproj", "{2EC7CCD9-2B26-4955-8272-4F7E3E87FA90}"
EndProject
Project("{FAE04EC0-301F-11D3-BF4B-00C04F79EFBC}") = "RHSGAT001", "RHSGAT001\RHSGAT001.csproj", "{BD415F01-7FB1-4BDA-AB2D-EE79571827E9}"
EndProject
Global
	GlobalSection(SolutionConfigurationPlatforms) = preSolution
		Debug|Any CPU = Debug|Any CPU
		Release|Any CPU = Release|Any CPU
	EndGlobalSection
	GlobalSection(ProjectConfigurationPlatforms) = postSolution
		{7A65A367-881F-4922-89D5-BFDF4DD2400F}.Debug|Any CPU.ActiveCfg = Debug|Any CPU
		{7A65A367-881F-4922-89D5-BFDF4DD2400F}.Debug|Any CPU.Build.0 = Debug|Any CPU
		{7A65A367-881F-4922-89D5-BFDF4DD2400F}.Release|Any CPU.ActiveCfg = Release|Any CPU
		{7A65A367-881F-4922-89D5-BFDF4DD2400F}.Release|Any CPU.Build.0 = Release|Any CPU
		{B62D202D-2C79-498F-81E5-959DF7622A64}.Debug|Any CPU.ActiveCfg = Debug|Any CPU
		{B62D202D-2C79-498F-81E5-959DF7622A64}.Debug|Any CPU.Build.0 = Debug|Any CPU
		{B62D202D-2C79-498F-81E5-959DF7622A64}.Release|Any CPU.ActiveCfg = Release|Any CPU
		{B62D202D-2C79-498F-81E5-959DF7622A64}.Release|Any CPU.Build.0 = Release|Any CPU
		{A10DFFC0-61FE-43AF-AA4C-29AF017E3428}.Debug|Any CPU.ActiveCfg = Debug|Any CPU
		{A10DFFC0-61FE-43AF-AA4C-29AF017E3428}.Debug|Any CPU.Build.0 = Debug|Any CPU
		{A10DFFC0-61FE-43AF-AA4C-29AF017E3428}.Release|Any CPU.ActiveCfg = Release|Any CPU
		{A10DFFC0-61FE-43AF-AA4C-29AF017E3428}.Release|Any CPU.Build.0 = Release|Any CPU
		{D5C90E2E-3E1C-48CA-AC9A-03011D83B318}.Debug|Any CPU.ActiveCfg = Debug|Any CPU
		{D5C90E2E-3E1C-48CA-AC9A-03011D83B318}.Debug|Any CPU.Build.0 = Debug|Any CPU
		{D5C90E2E-3E1C-48CA-AC9A-03011D83B318}.Release|Any CPU.ActiveCfg = Release|Any CPU
		{D5C90E2E-3E1C-48CA-AC9A-03011D83B318}.Release|Any CPU.Build.0 = Release|Any CPU
		{6FBBFCAE-D955-4A35-802A-CF0F094292FA}.Debug|Any CPU.ActiveCfg = Debug|Any CPU
		{6FBBFCAE-D955-4A35-802A-CF0F094292FA}.Debug|Any CPU.Build.0 = Debug|Any CPU
		{6FBBFCAE-D955-4A35-802A-CF0F094292FA}.Release|Any CPU.ActiveCfg = Release|Any CPU
		{6FBBFCAE-D955-4A35-802A-CF0F094292FA}.Release|Any CPU.Build.0 = Release|Any CPU
		{844B3A92-EDB7-425B-B599-231BDA247D5D}.Debug|Any CPU.ActiveCfg = Debug|Any CPU
		{844B3A92-EDB7-425B-B599-231BDA247D5D}.Debug|Any CPU.Build.0 = Debug|Any CPU
		{844B3A92-EDB7-425B-B599-231BDA247D5D}.Release|Any CPU.ActiveCfg = Release|Any CPU
		{844B3A92-EDB7-425B-B599-231BDA247D5D}.Release|Any CPU.Build.0 = Release|Any CPU
		{B0854463-D30D-4D08-AEDA-11B43859C259}.Debug|Any CPU.ActiveCfg = Debug|Any CPU
		{B0854463-D30D-4D08-AEDA-11B43859C259}.Debug|Any CPU.Build.0 = Debug|Any CPU
		{B0854463-D30D-4D08-AEDA-11B43859C259}.Release|Any CPU.ActiveCfg = Release|Any CPU
		{B0854463-D30D-4D08-AEDA-11B43859C259}.Release|Any CPU.Build.0 = Release|Any CPU
		{B6C25F42-EF03-4565-9A0F-B23576D93B52}.Debug|Any CPU.ActiveCfg = Debug|Any CPU
		{B6C25F42-EF03-4565-9A0F-B23576D93B52}.Debug|Any CPU.Build.0 = Debug|Any CPU
		{B6C25F42-EF03-4565-9A0F-B23576D93B52}.Release|Any CPU.ActiveCfg = Release|Any CPU
		{B6C25F42-EF03-4565-9A0F-B23576D93B52}.Release|Any CPU.Build.0 = Release|Any CPU
		{E65322A3-6B06-49F7-AC71-4616A3BDFAEF}.Debug|Any CPU.ActiveCfg = Debug|Any CPU
		{E65322A3-6B06-49F7-AC71-4616A3BDFAEF}.Debug|Any CPU.Build.0 = Debug|Any CPU
		{E65322A3-6B06-49F7-AC71-4616A3BDFAEF}.Release|Any CPU.ActiveCfg = Release|Any CPU
		{E65322A3-6B06-49F7-AC71-4616A3BDFAEF}.Release|Any CPU.Build.0 = Release|Any CPU
		{1D1BDC9E-7D0C-4242-8D60-AF544998D19C}.Debug|Any CPU.ActiveCfg = Debug|Any CPU
		{1D1BDC9E-7D0C-4242-8D60-AF544998D19C}.Debug|Any CPU.Build.0 = Debug|Any CPU
		{1D1BDC9E-7D0C-4242-8D60-AF544998D19C}.Release|Any CPU.ActiveCfg = Release|Any CPU
		{1D1BDC9E-7D0C-4242-8D60-AF544998D19C}.Release|Any CPU.Build.0 = Release|Any CPU
		{01FD3E3F-0A52-4B00-B667-25313092D032}.Debug|Any CPU.ActiveCfg = Debug|Any CPU
		{01FD3E3F-0A52-4B00-B667-25313092D032}.Debug|Any CPU.Build.0 = Debug|Any CPU
		{01FD3E3F-0A52-4B00-B667-25313092D032}.Release|Any CPU.ActiveCfg = Release|Any CPU
		{01FD3E3F-0A52-4B00-B667-25313092D032}.Release|Any CPU.Build.0 = Release|Any CPU
		{6815749D-7BA7-436B-B1F4-9E03A1790BB3}.Debug|Any CPU.ActiveCfg = Debug|Any CPU
		{6815749D-7BA7-436B-B1F4-9E03A1790BB3}.Debug|Any CPU.Build.0 = Debug|Any CPU
		{6815749D-7BA7-436B-B1F4-9E03A1790BB3}.Release|Any CPU.ActiveCfg = Release|Any CPU
		{6815749D-7BA7-436B-B1F4-9E03A1790BB3}.Release|Any CPU.Build.0 = Release|Any CPU
		{66C6D6DC-861C-4A41-9DAE-05EF01CDA8A0}.Debug|Any CPU.ActiveCfg = Debug|Any CPU
		{66C6D6DC-861C-4A41-9DAE-05EF01CDA8A0}.Debug|Any CPU.Build.0 = Debug|Any CPU
		{66C6D6DC-861C-4A41-9DAE-05EF01CDA8A0}.Release|Any CPU.ActiveCfg = Release|Any CPU
		{66C6D6DC-861C-4A41-9DAE-05EF01CDA8A0}.Release|Any CPU.Build.0 = Release|Any CPU
		{597D677F-4D95-4B7D-BB37-1CFBD8F995B8}.Debug|Any CPU.ActiveCfg = Debug|Any CPU
		{597D677F-4D95-4B7D-BB37-1CFBD8F995B8}.Debug|Any CPU.Build.0 = Debug|Any CPU
		{597D677F-4D95-4B7D-BB37-1CFBD8F995B8}.Release|Any CPU.ActiveCfg = Release|Any CPU
		{597D677F-4D95-4B7D-BB37-1CFBD8F995B8}.Release|Any CPU.Build.0 = Release|Any CPU
		{DA2BCE81-4B3B-43CF-BEB6-40431209C121}.Debug|Any CPU.ActiveCfg = Debug|Any CPU
		{DA2BCE81-4B3B-43CF-BEB6-40431209C121}.Debug|Any CPU.Build.0 = Debug|Any CPU
		{DA2BCE81-4B3B-43CF-BEB6-40431209C121}.Release|Any CPU.ActiveCfg = Release|Any CPU
		{DA2BCE81-4B3B-43CF-BEB6-40431209C121}.Release|Any CPU.Build.0 = Release|Any CPU
		{7E06CFEA-ADB6-4691-929B-32ECA5FC003E}.Debug|Any CPU.ActiveCfg = Debug|Any CPU
		{7E06CFEA-ADB6-4691-929B-32ECA5FC003E}.Debug|Any CPU.Build.0 = Debug|Any CPU
		{7E06CFEA-ADB6-4691-929B-32ECA5FC003E}.Release|Any CPU.ActiveCfg = Release|Any CPU
		{7E06CFEA-ADB6-4691-929B-32ECA5FC003E}.Release|Any CPU.Build.0 = Release|Any CPU
		{2064F41C-7851-4F3B-BB05-FD6780B55B55}.Debug|Any CPU.ActiveCfg = Debug|Any CPU
		{2064F41C-7851-4F3B-BB05-FD6780B55B55}.Debug|Any CPU.Build.0 = Debug|Any CPU
		{2064F41C-7851-4F3B-BB05-FD6780B55B55}.Release|Any CPU.ActiveCfg = Release|Any CPU
		{2064F41C-7851-4F3B-BB05-FD6780B55B55}.Release|Any CPU.Build.0 = Release|Any CPU
		{F7FAC8CE-EC41-4DFE-BCAA-76F233C9990D}.Debug|Any CPU.ActiveCfg = Debug|Any CPU
		{F7FAC8CE-EC41-4DFE-BCAA-76F233C9990D}.Debug|Any CPU.Build.0 = Debug|Any CPU
		{F7FAC8CE-EC41-4DFE-BCAA-76F233C9990D}.Release|Any CPU.ActiveCfg = Release|Any CPU
		{F7FAC8CE-EC41-4DFE-BCAA-76F233C9990D}.Release|Any CPU.Build.0 = Release|Any CPU
		{DEA375A5-43AA-44B2-8DA6-755A085DB97B}.Debug|Any CPU.ActiveCfg = Debug|Any CPU
		{DEA375A5-43AA-44B2-8DA6-755A085DB97B}.Debug|Any CPU.Build.0 = Debug|Any CPU
		{DEA375A5-43AA-44B2-8DA6-755A085DB97B}.Release|Any CPU.ActiveCfg = Release|Any CPU
		{DEA375A5-43AA-44B2-8DA6-755A085DB97B}.Release|Any CPU.Build.0 = Release|Any CPU
		{426D42A7-64C6-485F-9B2B-0CB4F2F2C3F8}.Debug|Any CPU.ActiveCfg = Debug|Any CPU
		{426D42A7-64C6-485F-9B2B-0CB4F2F2C3F8}.Debug|Any CPU.Build.0 = Debug|Any CPU
		{426D42A7-64C6-485F-9B2B-0CB4F2F2C3F8}.Release|Any CPU.ActiveCfg = Release|Any CPU
		{426D42A7-64C6-485F-9B2B-0CB4F2F2C3F8}.Release|Any CPU.Build.0 = Release|Any CPU
		{D21D5AA1-E990-42FB-A47F-6A70C255FFE3}.Debug|Any CPU.ActiveCfg = Debug|Any CPU
		{D21D5AA1-E990-42FB-A47F-6A70C255FFE3}.Debug|Any CPU.Build.0 = Debug|Any CPU
		{D21D5AA1-E990-42FB-A47F-6A70C255FFE3}.Release|Any CPU.ActiveCfg = Release|Any CPU
		{D21D5AA1-E990-42FB-A47F-6A70C255FFE3}.Release|Any CPU.Build.0 = Release|Any CPU
		{C1CCB8CB-A646-4C63-83AA-CD4A123FC674}.Debug|Any CPU.ActiveCfg = Debug|Any CPU
		{C1CCB8CB-A646-4C63-83AA-CD4A123FC674}.Debug|Any CPU.Build.0 = Debug|Any CPU
		{C1CCB8CB-A646-4C63-83AA-CD4A123FC674}.Release|Any CPU.ActiveCfg = Release|Any CPU
		{C1CCB8CB-A646-4C63-83AA-CD4A123FC674}.Release|Any CPU.Build.0 = Release|Any CPU
		{0351B9D6-C6EF-4177-9EA9-5D89BCEB6BA8}.Debug|Any CPU.ActiveCfg = Debug|Any CPU
		{0351B9D6-C6EF-4177-9EA9-5D89BCEB6BA8}.Debug|Any CPU.Build.0 = Debug|Any CPU
		{0351B9D6-C6EF-4177-9EA9-5D89BCEB6BA8}.Release|Any CPU.ActiveCfg = Release|Any CPU
		{0351B9D6-C6EF-4177-9EA9-5D89BCEB6BA8}.Release|Any CPU.Build.0 = Release|Any CPU
		{E2F7861B-E8AA-4E26-AC25-E97901C22B7D}.Debug|Any CPU.ActiveCfg = Debug|Any CPU
		{E2F7861B-E8AA-4E26-AC25-E97901C22B7D}.Debug|Any CPU.Build.0 = Debug|Any CPU
		{E2F7861B-E8AA-4E26-AC25-E97901C22B7D}.Release|Any CPU.ActiveCfg = Release|Any CPU
		{E2F7861B-E8AA-4E26-AC25-E97901C22B7D}.Release|Any CPU.Build.0 = Release|Any CPU
		{7D112E92-4281-4A26-A6E2-4A9ADD6FDF9E}.Debug|Any CPU.ActiveCfg = Debug|Any CPU
		{7D112E92-4281-4A26-A6E2-4A9ADD6FDF9E}.Debug|Any CPU.Build.0 = Debug|Any CPU
		{7D112E92-4281-4A26-A6E2-4A9ADD6FDF9E}.Release|Any CPU.ActiveCfg = Release|Any CPU
		{7D112E92-4281-4A26-A6E2-4A9ADD6FDF9E}.Release|Any CPU.Build.0 = Release|Any CPU
		{3F485757-CEBA-4005-8016-9CBC8D4DD35D}.Debug|Any CPU.ActiveCfg = Debug|Any CPU
		{3F485757-CEBA-4005-8016-9CBC8D4DD35D}.Debug|Any CPU.Build.0 = Debug|Any CPU
		{3F485757-CEBA-4005-8016-9CBC8D4DD35D}.Release|Any CPU.ActiveCfg = Release|Any CPU
		{3F485757-CEBA-4005-8016-9CBC8D4DD35D}.Release|Any CPU.Build.0 = Release|Any CPU
		{942AEAEF-3F43-4D6E-9091-4C57BE403658}.Debug|Any CPU.ActiveCfg = Debug|Any CPU
		{942AEAEF-3F43-4D6E-9091-4C57BE403658}.Debug|Any CPU.Build.0 = Debug|Any CPU
		{942AEAEF-3F43-4D6E-9091-4C57BE403658}.Release|Any CPU.ActiveCfg = Release|Any CPU
		{942AEAEF-3F43-4D6E-9091-4C57BE403658}.Release|Any CPU.Build.0 = Release|Any CPU
		{57BF83EA-620D-4CC6-ACA4-709B8B8F7019}.Debug|Any CPU.ActiveCfg = Debug|Any CPU
		{57BF83EA-620D-4CC6-ACA4-709B8B8F7019}.Debug|Any CPU.Build.0 = Debug|Any CPU
		{57BF83EA-620D-4CC6-ACA4-709B8B8F7019}.Release|Any CPU.ActiveCfg = Release|Any CPU
		{57BF83EA-620D-4CC6-ACA4-709B8B8F7019}.Release|Any CPU.Build.0 = Release|Any CPU
		{5E7F32D1-38FA-42E0-965D-4B0B1DEF20EE}.Debug|Any CPU.ActiveCfg = Debug|Any CPU
		{5E7F32D1-38FA-42E0-965D-4B0B1DEF20EE}.Debug|Any CPU.Build.0 = Debug|Any CPU
		{5E7F32D1-38FA-42E0-965D-4B0B1DEF20EE}.Release|Any CPU.ActiveCfg = Release|Any CPU
		{5E7F32D1-38FA-42E0-965D-4B0B1DEF20EE}.Release|Any CPU.Build.0 = Release|Any CPU
		{7C65286C-C459-4BDA-80BB-658CFA57755F}.Debug|Any CPU.ActiveCfg = Debug|Any CPU
		{7C65286C-C459-4BDA-80BB-658CFA57755F}.Debug|Any CPU.Build.0 = Debug|Any CPU
		{7C65286C-C459-4BDA-80BB-658CFA57755F}.Release|Any CPU.ActiveCfg = Release|Any CPU
		{7C65286C-C459-4BDA-80BB-658CFA57755F}.Release|Any CPU.Build.0 = Release|Any CPU
		{C9C795A4-5B6A-4EAB-B4C5-EC399DB8D415}.Debug|Any CPU.ActiveCfg = Debug|Any CPU
		{C9C795A4-5B6A-4EAB-B4C5-EC399DB8D415}.Debug|Any CPU.Build.0 = Debug|Any CPU
		{C9C795A4-5B6A-4EAB-B4C5-EC399DB8D415}.Release|Any CPU.ActiveCfg = Release|Any CPU
		{C9C795A4-5B6A-4EAB-B4C5-EC399DB8D415}.Release|Any CPU.Build.0 = Release|Any CPU
		{E34B3557-C880-40A5-81AD-09854BD88C1E}.Debug|Any CPU.ActiveCfg = Debug|Any CPU
		{E34B3557-C880-40A5-81AD-09854BD88C1E}.Debug|Any CPU.Build.0 = Debug|Any CPU
		{E34B3557-C880-40A5-81AD-09854BD88C1E}.Release|Any CPU.ActiveCfg = Release|Any CPU
		{E34B3557-C880-40A5-81AD-09854BD88C1E}.Release|Any CPU.Build.0 = Release|Any CPU
		{53902665-D86D-4A17-957D-E3080CD84973}.Debug|Any CPU.ActiveCfg = Debug|Any CPU
		{53902665-D86D-4A17-957D-E3080CD84973}.Debug|Any CPU.Build.0 = Debug|Any CPU
		{53902665-D86D-4A17-957D-E3080CD84973}.Release|Any CPU.ActiveCfg = Release|Any CPU
		{53902665-D86D-4A17-957D-E3080CD84973}.Release|Any CPU.Build.0 = Release|Any CPU
		{33140C27-4141-4E69-B51D-C08C11DA0DE0}.Debug|Any CPU.ActiveCfg = Debug|Any CPU
		{33140C27-4141-4E69-B51D-C08C11DA0DE0}.Debug|Any CPU.Build.0 = Debug|Any CPU
		{33140C27-4141-4E69-B51D-C08C11DA0DE0}.Release|Any CPU.ActiveCfg = Release|Any CPU
		{33140C27-4141-4E69-B51D-C08C11DA0DE0}.Release|Any CPU.Build.0 = Release|Any CPU
		{2EC7CCD9-2B26-4955-8272-4F7E3E87FA90}.Debug|Any CPU.ActiveCfg = Debug|Any CPU
		{2EC7CCD9-2B26-4955-8272-4F7E3E87FA90}.Debug|Any CPU.Build.0 = Debug|Any CPU
		{2EC7CCD9-2B26-4955-8272-4F7E3E87FA90}.Release|Any CPU.ActiveCfg = Release|Any CPU
		{2EC7CCD9-2B26-4955-8272-4F7E3E87FA90}.Release|Any CPU.Build.0 = Release|Any CPU
		{BD415F01-7FB1-4BDA-AB2D-EE79571827E9}.Debug|Any CPU.ActiveCfg = Debug|Any CPU
		{BD415F01-7FB1-4BDA-AB2D-EE79571827E9}.Debug|Any CPU.Build.0 = Debug|Any CPU
		{BD415F01-7FB1-4BDA-AB2D-EE79571827E9}.Release|Any CPU.ActiveCfg = Release|Any CPU
		{BD415F01-7FB1-4BDA-AB2D-EE79571827E9}.Release|Any CPU.Build.0 = Release|Any CPU
	EndGlobalSection
	GlobalSection(SolutionProperties) = preSolution
		HideSolutionNode = FALSE
	EndGlobalSection
	GlobalSection(ExtensibilityGlobals) = postSolution
		SolutionGuid = {F0C8DDB8-3E81-4FA7-BBE9-362533589F44}
	EndGlobalSection
EndGlobal
